
Microsoft Visual Studio Solution File, Format Version 12.00
# Visual Studio 15
VisualStudioVersion = 15.0.27428.2037
MinimumVisualStudioVersion = 10.0.40219.1
Project("{FAE04EC0-301F-11D3-BF4B-00C04F79EFBC}") = "CO2RegulationProject", "CO2RegulationProject\CO2RegulationProject.csproj", "{6A0FD86D-5A5C-4548-8D50-38F0A7DC76FE}"
EndProject
Global
	GlobalSection(SolutionConfigurationPlatforms) = preSolution
		Debug|Any CPU = Debug|Any CPU
		Release|Any CPU = Release|Any CPU
	EndGlobalSection
	GlobalSection(ProjectConfigurationPlatforms) = postSolution
		{6A0FD86D-5A5C-4548-8D50-38F0A7DC76FE}.Debug|Any CPU.ActiveCfg = Debug|Any CPU
		{6A0FD86D-5A5C-4548-8D50-38F0A7DC76FE}.Debug|Any CPU.Build.0 = Debug|Any CPU
		{6A0FD86D-5A5C-4548-8D50-38F0A7DC76FE}.Release|Any CPU.ActiveCfg = Release|Any CPU
		{6A0FD86D-5A5C-4548-8D50-38F0A7DC76FE}.Release|Any CPU.Build.0 = Release|Any CPU
	EndGlobalSection
	GlobalSection(SolutionProperties) = preSolution
		HideSolutionNode = FALSE
	EndGlobalSection
	GlobalSection(ExtensibilityGlobals) = postSolution
		SolutionGuid = {0F64EAE4-52EC-49D3-B095-4840F979D23A}
	EndGlobalSection
EndGlobal
